
Microsoft Visual Studio Solution File, Format Version 12.00
# Visual Studio Version 16
VisualStudioVersion = 16.0.30011.22
MinimumVisualStudioVersion = 10.0.40219.1
Project("{FAE04EC0-301F-11D3-BF4B-00C04F79EFBC}") = "Prework-CodeChallenges", "Prework-CodeChallenges\Prework-CodeChallenges.csproj", "{89F53C42-B584-48A5-A8EB-55B01434F07A}"
EndProject
Global
	GlobalSection(SolutionConfigurationPlatforms) = preSolution
		Debug|Any CPU = Debug|Any CPU
		Release|Any CPU = Release|Any CPU
	EndGlobalSection
	GlobalSection(ProjectConfigurationPlatforms) = postSolution
		{89F53C42-B584-48A5-A8EB-55B01434F07A}.Debug|Any CPU.ActiveCfg = Debug|Any CPU
		{89F53C42-B584-48A5-A8EB-55B01434F07A}.Debug|Any CPU.Build.0 = Debug|Any CPU
		{89F53C42-B584-48A5-A8EB-55B01434F07A}.Release|Any CPU.ActiveCfg = Release|Any CPU
		{89F53C42-B584-48A5-A8EB-55B01434F07A}.Release|Any CPU.Build.0 = Release|Any CPU
	EndGlobalSection
	GlobalSection(SolutionProperties) = preSolution
		HideSolutionNode = FALSE
	EndGlobalSection
	GlobalSection(ExtensibilityGlobals) = postSolution
		SolutionGuid = {AA2EF65C-C4ED-46D1-8BC4-3317002FB836}
	EndGlobalSection
EndGlobal
